// !$*UTF8*$!
{
	archiveVersion = 1;
	classes = {
	};
	objectVersion = 56;
	objects = {

/* Begin PBXBuildFile section */
		43AEA2E92C84F8BC005AB65F /* RMGetAllCharactersResponse.swift in Sources */ = {isa = PBXBuildFile; fileRef = 43AEA2E82C84F8BC005AB65F /* RMGetAllCharactersResponse.swift */; };
		43AEA2EB2C84FADB005AB65F /* RMCharacterListViewViewModel.swift in Sources */ = {isa = PBXBuildFile; fileRef = 43AEA2EA2C84FADB005AB65F /* RMCharacterListViewViewModel.swift */; };
		43AEA2EF2C84FEB4005AB65F /* Extensions.swift in Sources */ = {isa = PBXBuildFile; fileRef = 43AEA2EE2C84FEB4005AB65F /* Extensions.swift */; };
		43AEA2F32C859D4F005AB65F /* RMCharacterCollectionViewCellViewModel.swift in Sources */ = {isa = PBXBuildFile; fileRef = 43AEA2F22C859D4F005AB65F /* RMCharacterCollectionViewCellViewModel.swift */; };
		43AEA2F62C85CB60005AB65F /* RMCharacterDetailViewController.swift in Sources */ = {isa = PBXBuildFile; fileRef = 43AEA2F52C85CB60005AB65F /* RMCharacterDetailViewController.swift */; };
		43AEA2F82C85CBF0005AB65F /* RMCharacterDetailView.swift in Sources */ = {isa = PBXBuildFile; fileRef = 43AEA2F72C85CBF0005AB65F /* RMCharacterDetailView.swift */; };
		43AEA2FA2C85CC11005AB65F /* RMCharacterDetailViewViewModel.swift in Sources */ = {isa = PBXBuildFile; fileRef = 43AEA2F92C85CC11005AB65F /* RMCharacterDetailViewViewModel.swift */; };
		43AEA2FC2C85D152005AB65F /* RMFooterLoadingCollectionReusableView.swift in Sources */ = {isa = PBXBuildFile; fileRef = 43AEA2FB2C85D152005AB65F /* RMFooterLoadingCollectionReusableView.swift */; };
		43AEA2FE2C85ED70005AB65F /* RMImageLoader.swift in Sources */ = {isa = PBXBuildFile; fileRef = 43AEA2FD2C85ED70005AB65F /* RMImageLoader.swift */; };
		43AEA3022C861D53005AB65F /* RMCharacterPhotoCollectionViewCell.swift in Sources */ = {isa = PBXBuildFile; fileRef = 43AEA3012C861D53005AB65F /* RMCharacterPhotoCollectionViewCell.swift */; };
		43AEA3042C861D69005AB65F /* RMCharacterInfoCollectionViewCell.swift in Sources */ = {isa = PBXBuildFile; fileRef = 43AEA3032C861D69005AB65F /* RMCharacterInfoCollectionViewCell.swift */; };
		43AEA3062C861D7D005AB65F /* RMCharacterEpisodeCollectionViewCell.swift in Sources */ = {isa = PBXBuildFile; fileRef = 43AEA3052C861D7D005AB65F /* RMCharacterEpisodeCollectionViewCell.swift */; };
		43AEA30B2C861DEC005AB65F /* RMCharacterPhotoCollectionViewCellViewModel.swift in Sources */ = {isa = PBXBuildFile; fileRef = 43AEA30A2C861DEC005AB65F /* RMCharacterPhotoCollectionViewCellViewModel.swift */; };
		43AEA30D2C861E06005AB65F /* RMCharacterInfoCollectionViewCellViewModel.swift in Sources */ = {isa = PBXBuildFile; fileRef = 43AEA30C2C861E06005AB65F /* RMCharacterInfoCollectionViewCellViewModel.swift */; };
		43AEA30F2C861E17005AB65F /* RMCharacterEpisodeCollectionViewCellViewModel.swift in Sources */ = {isa = PBXBuildFile; fileRef = 43AEA30E2C861E17005AB65F /* RMCharacterEpisodeCollectionViewCellViewModel.swift */; };
		43AEA3112C862214005AB65F /* RMCharacterListView.swift in Sources */ = {isa = PBXBuildFile; fileRef = 43AEA3102C862214005AB65F /* RMCharacterListView.swift */; };
		43AEA3132C86225E005AB65F /* RMCharacterCollectionViewCell.swift in Sources */ = {isa = PBXBuildFile; fileRef = 43AEA3122C86225E005AB65F /* RMCharacterCollectionViewCell.swift */; };
		43B1C3DB2C87363300FEEC0D /* RMEpisodeDetailViewController.swift in Sources */ = {isa = PBXBuildFile; fileRef = 43B1C3DA2C87363300FEEC0D /* RMEpisodeDetailViewController.swift */; };
		43B1C3DD2C87396100FEEC0D /* RMAPICachManager.swift in Sources */ = {isa = PBXBuildFile; fileRef = 43B1C3DC2C87396100FEEC0D /* RMAPICachManager.swift */; };
		43B1C3DF2C873D4C00FEEC0D /* RMEpisodeDetailViewViewModel.swift in Sources */ = {isa = PBXBuildFile; fileRef = 43B1C3DE2C873D4C00FEEC0D /* RMEpisodeDetailViewViewModel.swift */; };
		43B1C3E12C873D9200FEEC0D /* RMEpisodeDetailView.swift in Sources */ = {isa = PBXBuildFile; fileRef = 43B1C3E02C873D9200FEEC0D /* RMEpisodeDetailView.swift */; };
		43B1C3E42C873F5500FEEC0D /* RMEpisodeListView.swift in Sources */ = {isa = PBXBuildFile; fileRef = 43B1C3E32C873F5500FEEC0D /* RMEpisodeListView.swift */; };
		43B1C3E62C8741DA00FEEC0D /* RMEpisodeListViewViewModel.swift in Sources */ = {isa = PBXBuildFile; fileRef = 43B1C3E52C8741DA00FEEC0D /* RMEpisodeListViewViewModel.swift */; };
		43B1C3E82C87440700FEEC0D /* RMGetAllEpisodesResponse.swift in Sources */ = {isa = PBXBuildFile; fileRef = 43B1C3E72C87440700FEEC0D /* RMGetAllEpisodesResponse.swift */; };
		43B1C3EA2C87577400FEEC0D /* RMSearchViewController.swift in Sources */ = {isa = PBXBuildFile; fileRef = 43B1C3E92C87577400FEEC0D /* RMSearchViewController.swift */; };
		43B1C3ED2C879E7600FEEC0D /* RMEpisodeInfoCollectionViewCell.swift in Sources */ = {isa = PBXBuildFile; fileRef = 43B1C3EC2C879E7600FEEC0D /* RMEpisodeInfoCollectionViewCell.swift */; };
		43B1C3F02C879EC800FEEC0D /* RMEpisodeInfoCollectionViewCellViewModel.swift in Sources */ = {isa = PBXBuildFile; fileRef = 43B1C3EF2C879EC800FEEC0D /* RMEpisodeInfoCollectionViewCellViewModel.swift */; };
		43B1C3F32C8893B200FEEC0D /* RMSettingsViewModel.swift in Sources */ = {isa = PBXBuildFile; fileRef = 43B1C3F22C8893B200FEEC0D /* RMSettingsViewModel.swift */; };
		43B1C3F52C8893EE00FEEC0D /* RMSettingsCellViewModel.swift in Sources */ = {isa = PBXBuildFile; fileRef = 43B1C3F42C8893EE00FEEC0D /* RMSettingsCellViewModel.swift */; };
		43B1C3F72C88945100FEEC0D /* RMSettingsOptions.swift in Sources */ = {isa = PBXBuildFile; fileRef = 43B1C3F62C88945100FEEC0D /* RMSettingsOptions.swift */; };
		43B1C3FA2C889F1500FEEC0D /* RMSettingsView.swift in Sources */ = {isa = PBXBuildFile; fileRef = 43B1C3F92C889F1500FEEC0D /* RMSettingsView.swift */; };
		43B1C3FD2C88D80600FEEC0D /* RMLocationView.swift in Sources */ = {isa = PBXBuildFile; fileRef = 43B1C3FC2C88D80600FEEC0D /* RMLocationView.swift */; };
		43B1C3FF2C88DAB000FEEC0D /* RMLocationViewViewModel.swift in Sources */ = {isa = PBXBuildFile; fileRef = 43B1C3FE2C88DAB000FEEC0D /* RMLocationViewViewModel.swift */; };
		43B1C4012C88DDF200FEEC0D /* RMGetAllLocationsResponse.swift in Sources */ = {isa = PBXBuildFile; fileRef = 43B1C4002C88DDF200FEEC0D /* RMGetAllLocationsResponse.swift */; };
		43B1C4032C88ED7D00FEEC0D /* RMLocationTableViewCell.swift in Sources */ = {isa = PBXBuildFile; fileRef = 43B1C4022C88ED7D00FEEC0D /* RMLocationTableViewCell.swift */; };
		43B1C4062C88EE2600FEEC0D /* RMLocationTableViewCellViewModel.swift in Sources */ = {isa = PBXBuildFile; fileRef = 43B1C4052C88EE2600FEEC0D /* RMLocationTableViewCellViewModel.swift */; };
		43C7F2F62C89DE2A00B53B8B /* RMLocationDetailViewController.swift in Sources */ = {isa = PBXBuildFile; fileRef = 43C7F2F52C89DE2A00B53B8B /* RMLocationDetailViewController.swift */; };
		43C7F2F92C89DFC600B53B8B /* MRLocationDetailView.swift in Sources */ = {isa = PBXBuildFile; fileRef = 43C7F2F82C89DFC600B53B8B /* MRLocationDetailView.swift */; };
		43C7F2FC2C89E06B00B53B8B /* RMLocationDetailViewModel.swift in Sources */ = {isa = PBXBuildFile; fileRef = 43C7F2FB2C89E06B00B53B8B /* RMLocationDetailViewModel.swift */; };
		43C7F2FF2C89E85400B53B8B /* RMSearchView.swift in Sources */ = {isa = PBXBuildFile; fileRef = 43C7F2FE2C89E85400B53B8B /* RMSearchView.swift */; };
		43C7F3012C89E8CB00B53B8B /* RMSearchViewViewModel.swift in Sources */ = {isa = PBXBuildFile; fileRef = 43C7F3002C89E8CB00B53B8B /* RMSearchViewViewModel.swift */; };
		43C7F3032C8A128B00B53B8B /* RMNoSearchResultView.swift in Sources */ = {isa = PBXBuildFile; fileRef = 43C7F3022C8A128B00B53B8B /* RMNoSearchResultView.swift */; };
		43C7F3062C8A12BF00B53B8B /* RMNoSearchResultViewViewModel.swift in Sources */ = {isa = PBXBuildFile; fileRef = 43C7F3052C8A12BF00B53B8B /* RMNoSearchResultViewViewModel.swift */; };
		43C7F3082C8A171B00B53B8B /* RMSearchInputView.swift in Sources */ = {isa = PBXBuildFile; fileRef = 43C7F3072C8A171B00B53B8B /* RMSearchInputView.swift */; };
		43C7F30A2C8A175300B53B8B /* RMSearchInputViewViewModel.swift in Sources */ = {isa = PBXBuildFile; fileRef = 43C7F3092C8A175300B53B8B /* RMSearchInputViewViewModel.swift */; };
		43C7F30C2C8C8EED00B53B8B /* RMSearchOptionPickerViewController.swift in Sources */ = {isa = PBXBuildFile; fileRef = 43C7F30B2C8C8EED00B53B8B /* RMSearchOptionPickerViewController.swift */; };
		43C7F30F2C8CDDEA00B53B8B /* RMSearchResultViewModel.swift in Sources */ = {isa = PBXBuildFile; fileRef = 43C7F30E2C8CDDEA00B53B8B /* RMSearchResultViewModel.swift */; };
		E2FD44F82C835EBC00DFB592 /* AppDelegate.swift in Sources */ = {isa = PBXBuildFile; fileRef = E2FD44F72C835EBC00DFB592 /* AppDelegate.swift */; };
		E2FD44FA2C835EBC00DFB592 /* SceneDelegate.swift in Sources */ = {isa = PBXBuildFile; fileRef = E2FD44F92C835EBC00DFB592 /* SceneDelegate.swift */; };
		E2FD44FC2C835EBC00DFB592 /* RMTabBarViewController.swift in Sources */ = {isa = PBXBuildFile; fileRef = E2FD44FB2C835EBC00DFB592 /* RMTabBarViewController.swift */; };
		E2FD45012C835EBE00DFB592 /* Assets.xcassets in Resources */ = {isa = PBXBuildFile; fileRef = E2FD45002C835EBE00DFB592 /* Assets.xcassets */; };
		E2FD45042C835EBE00DFB592 /* Base in Resources */ = {isa = PBXBuildFile; fileRef = E2FD45032C835EBE00DFB592 /* Base */; };
		E2FD45132C83606100DFB592 /* RMLocation.swift in Sources */ = {isa = PBXBuildFile; fileRef = E2FD45122C83606100DFB592 /* RMLocation.swift */; };
		E2FD45162C83607D00DFB592 /* RMCharacter.swift in Sources */ = {isa = PBXBuildFile; fileRef = E2FD45152C83607D00DFB592 /* RMCharacter.swift */; };
		E2FD45182C83609400DFB592 /* RMEpisode.swift in Sources */ = {isa = PBXBuildFile; fileRef = E2FD45172C83609400DFB592 /* RMEpisode.swift */; };
		E2FD451B2C83612100DFB592 /* RMCharacterViewController.swift in Sources */ = {isa = PBXBuildFile; fileRef = E2FD451A2C83612100DFB592 /* RMCharacterViewController.swift */; };
		E2FD451D2C83612A00DFB592 /* RMLocationViewController.swift in Sources */ = {isa = PBXBuildFile; fileRef = E2FD451C2C83612A00DFB592 /* RMLocationViewController.swift */; };
		E2FD451F2C83613600DFB592 /* RMEpisodeViewController.swift in Sources */ = {isa = PBXBuildFile; fileRef = E2FD451E2C83613600DFB592 /* RMEpisodeViewController.swift */; };
		E2FD45212C83613E00DFB592 /* RMSettingsViewController.swift in Sources */ = {isa = PBXBuildFile; fileRef = E2FD45202C83613E00DFB592 /* RMSettingsViewController.swift */; };
		E2FD45232C84348B00DFB592 /* RMService.swift in Sources */ = {isa = PBXBuildFile; fileRef = E2FD45222C84348B00DFB592 /* RMService.swift */; };
		E2FD45252C8434B700DFB592 /* RMRequest.swift in Sources */ = {isa = PBXBuildFile; fileRef = E2FD45242C8434B700DFB592 /* RMRequest.swift */; };
		E2FD45272C84353100DFB592 /* RMEndpoint.swift in Sources */ = {isa = PBXBuildFile; fileRef = E2FD45262C84353100DFB592 /* RMEndpoint.swift */; };
		E2FD45292C843A2D00DFB592 /* RMOrigin.swift in Sources */ = {isa = PBXBuildFile; fileRef = E2FD45282C843A2D00DFB592 /* RMOrigin.swift */; };
		E2FD452B2C843AAE00DFB592 /* RMSingleLocation.swift in Sources */ = {isa = PBXBuildFile; fileRef = E2FD452A2C843AAE00DFB592 /* RMSingleLocation.swift */; };
		E2FD452D2C843C7500DFB592 /* RMCharacterStatus.swift in Sources */ = {isa = PBXBuildFile; fileRef = E2FD452C2C843C7500DFB592 /* RMCharacterStatus.swift */; };
		E2FD452F2C843CAA00DFB592 /* RMCharacterGender.swift in Sources */ = {isa = PBXBuildFile; fileRef = E2FD452E2C843CAA00DFB592 /* RMCharacterGender.swift */; };
/* End PBXBuildFile section */

/* Begin PBXFileReference section */
		43AEA2E82C84F8BC005AB65F /* RMGetAllCharactersResponse.swift */ = {isa = PBXFileReference; lastKnownFileType = sourcecode.swift; path = RMGetAllCharactersResponse.swift; sourceTree = "<group>"; };
		43AEA2EA2C84FADB005AB65F /* RMCharacterListViewViewModel.swift */ = {isa = PBXFileReference; lastKnownFileType = sourcecode.swift; name = RMCharacterListViewViewModel.swift; path = RickAndMorty/Models/ResponseTypes/RMCharacterListViewViewModel.swift; sourceTree = SOURCE_ROOT; };
		43AEA2EE2C84FEB4005AB65F /* Extensions.swift */ = {isa = PBXFileReference; lastKnownFileType = sourcecode.swift; path = Extensions.swift; sourceTree = "<group>"; };
		43AEA2F22C859D4F005AB65F /* RMCharacterCollectionViewCellViewModel.swift */ = {isa = PBXFileReference; lastKnownFileType = sourcecode.swift; name = RMCharacterCollectionViewCellViewModel.swift; path = RickAndMorty/Resources/RMCharacterCollectionViewCellViewModel.swift; sourceTree = SOURCE_ROOT; };
		43AEA2F52C85CB60005AB65F /* RMCharacterDetailViewController.swift */ = {isa = PBXFileReference; lastKnownFileType = sourcecode.swift; path = RMCharacterDetailViewController.swift; sourceTree = "<group>"; };
		43AEA2F72C85CBF0005AB65F /* RMCharacterDetailView.swift */ = {isa = PBXFileReference; lastKnownFileType = sourcecode.swift; name = RMCharacterDetailView.swift; path = RickAndMorty/Views/CharacterDetais/RMCharacterDetailView.swift; sourceTree = SOURCE_ROOT; };
		43AEA2F92C85CC11005AB65F /* RMCharacterDetailViewViewModel.swift */ = {isa = PBXFileReference; lastKnownFileType = sourcecode.swift; name = RMCharacterDetailViewViewModel.swift; path = RickAndMorty/ViewModels/CharacterDetails/RMCharacterDetailViewViewModel.swift; sourceTree = SOURCE_ROOT; };
		43AEA2FB2C85D152005AB65F /* RMFooterLoadingCollectionReusableView.swift */ = {isa = PBXFileReference; lastKnownFileType = sourcecode.swift; name = RMFooterLoadingCollectionReusableView.swift; path = RickAndMorty/Controllers/Other/RMFooterLoadingCollectionReusableView.swift; sourceTree = SOURCE_ROOT; };
		43AEA2FD2C85ED70005AB65F /* RMImageLoader.swift */ = {isa = PBXFileReference; lastKnownFileType = sourcecode.swift; name = RMImageLoader.swift; path = RickAndMorty/Controllers/Other/RMImageLoader.swift; sourceTree = SOURCE_ROOT; };
		43AEA3012C861D53005AB65F /* RMCharacterPhotoCollectionViewCell.swift */ = {isa = PBXFileReference; lastKnownFileType = sourcecode.swift; path = RMCharacterPhotoCollectionViewCell.swift; sourceTree = "<group>"; };
		43AEA3032C861D69005AB65F /* RMCharacterInfoCollectionViewCell.swift */ = {isa = PBXFileReference; lastKnownFileType = sourcecode.swift; path = RMCharacterInfoCollectionViewCell.swift; sourceTree = "<group>"; };
		43AEA3052C861D7D005AB65F /* RMCharacterEpisodeCollectionViewCell.swift */ = {isa = PBXFileReference; lastKnownFileType = sourcecode.swift; path = RMCharacterEpisodeCollectionViewCell.swift; sourceTree = "<group>"; };
		43AEA30A2C861DEC005AB65F /* RMCharacterPhotoCollectionViewCellViewModel.swift */ = {isa = PBXFileReference; lastKnownFileType = sourcecode.swift; path = RMCharacterPhotoCollectionViewCellViewModel.swift; sourceTree = "<group>"; };
		43AEA30C2C861E06005AB65F /* RMCharacterInfoCollectionViewCellViewModel.swift */ = {isa = PBXFileReference; lastKnownFileType = sourcecode.swift; path = RMCharacterInfoCollectionViewCellViewModel.swift; sourceTree = "<group>"; };
		43AEA30E2C861E17005AB65F /* RMCharacterEpisodeCollectionViewCellViewModel.swift */ = {isa = PBXFileReference; lastKnownFileType = sourcecode.swift; path = RMCharacterEpisodeCollectionViewCellViewModel.swift; sourceTree = "<group>"; };
		43AEA3102C862214005AB65F /* RMCharacterListView.swift */ = {isa = PBXFileReference; fileEncoding = 4; lastKnownFileType = sourcecode.swift; path = RMCharacterListView.swift; sourceTree = "<group>"; };
		43AEA3122C86225E005AB65F /* RMCharacterCollectionViewCell.swift */ = {isa = PBXFileReference; fileEncoding = 4; lastKnownFileType = sourcecode.swift; path = RMCharacterCollectionViewCell.swift; sourceTree = "<group>"; };
		43B1C3DA2C87363300FEEC0D /* RMEpisodeDetailViewController.swift */ = {isa = PBXFileReference; lastKnownFileType = sourcecode.swift; path = RMEpisodeDetailViewController.swift; sourceTree = "<group>"; };
		43B1C3DC2C87396100FEEC0D /* RMAPICachManager.swift */ = {isa = PBXFileReference; lastKnownFileType = sourcecode.swift; name = RMAPICachManager.swift; path = RickAndMorty/Controllers/Other/RMAPICachManager.swift; sourceTree = SOURCE_ROOT; };
		43B1C3DE2C873D4C00FEEC0D /* RMEpisodeDetailViewViewModel.swift */ = {isa = PBXFileReference; lastKnownFileType = sourcecode.swift; path = RMEpisodeDetailViewViewModel.swift; sourceTree = "<group>"; };
		43B1C3E02C873D9200FEEC0D /* RMEpisodeDetailView.swift */ = {isa = PBXFileReference; lastKnownFileType = sourcecode.swift; path = RMEpisodeDetailView.swift; sourceTree = "<group>"; };
		43B1C3E32C873F5500FEEC0D /* RMEpisodeListView.swift */ = {isa = PBXFileReference; lastKnownFileType = sourcecode.swift; path = RMEpisodeListView.swift; sourceTree = "<group>"; };
		43B1C3E52C8741DA00FEEC0D /* RMEpisodeListViewViewModel.swift */ = {isa = PBXFileReference; lastKnownFileType = sourcecode.swift; path = RMEpisodeListViewViewModel.swift; sourceTree = "<group>"; };
		43B1C3E72C87440700FEEC0D /* RMGetAllEpisodesResponse.swift */ = {isa = PBXFileReference; lastKnownFileType = sourcecode.swift; path = RMGetAllEpisodesResponse.swift; sourceTree = "<group>"; };
		43B1C3E92C87577400FEEC0D /* RMSearchViewController.swift */ = {isa = PBXFileReference; lastKnownFileType = sourcecode.swift; path = RMSearchViewController.swift; sourceTree = "<group>"; };
		43B1C3EC2C879E7600FEEC0D /* RMEpisodeInfoCollectionViewCell.swift */ = {isa = PBXFileReference; lastKnownFileType = sourcecode.swift; path = RMEpisodeInfoCollectionViewCell.swift; sourceTree = "<group>"; };
		43B1C3EF2C879EC800FEEC0D /* RMEpisodeInfoCollectionViewCellViewModel.swift */ = {isa = PBXFileReference; lastKnownFileType = sourcecode.swift; path = RMEpisodeInfoCollectionViewCellViewModel.swift; sourceTree = "<group>"; };
		43B1C3F22C8893B200FEEC0D /* RMSettingsViewModel.swift */ = {isa = PBXFileReference; lastKnownFileType = sourcecode.swift; path = RMSettingsViewModel.swift; sourceTree = "<group>"; };
		43B1C3F42C8893EE00FEEC0D /* RMSettingsCellViewModel.swift */ = {isa = PBXFileReference; lastKnownFileType = sourcecode.swift; path = RMSettingsCellViewModel.swift; sourceTree = "<group>"; };
		43B1C3F62C88945100FEEC0D /* RMSettingsOptions.swift */ = {isa = PBXFileReference; lastKnownFileType = sourcecode.swift; path = RMSettingsOptions.swift; sourceTree = "<group>"; };
		43B1C3F92C889F1500FEEC0D /* RMSettingsView.swift */ = {isa = PBXFileReference; lastKnownFileType = sourcecode.swift; path = RMSettingsView.swift; sourceTree = "<group>"; };
		43B1C3FC2C88D80600FEEC0D /* RMLocationView.swift */ = {isa = PBXFileReference; lastKnownFileType = sourcecode.swift; path = RMLocationView.swift; sourceTree = "<group>"; };
		43B1C3FE2C88DAB000FEEC0D /* RMLocationViewViewModel.swift */ = {isa = PBXFileReference; lastKnownFileType = sourcecode.swift; path = RMLocationViewViewModel.swift; sourceTree = "<group>"; };
		43B1C4002C88DDF200FEEC0D /* RMGetAllLocationsResponse.swift */ = {isa = PBXFileReference; lastKnownFileType = sourcecode.swift; path = RMGetAllLocationsResponse.swift; sourceTree = "<group>"; };
		43B1C4022C88ED7D00FEEC0D /* RMLocationTableViewCell.swift */ = {isa = PBXFileReference; lastKnownFileType = sourcecode.swift; path = RMLocationTableViewCell.swift; sourceTree = "<group>"; };
		43B1C4052C88EE2600FEEC0D /* RMLocationTableViewCellViewModel.swift */ = {isa = PBXFileReference; lastKnownFileType = sourcecode.swift; path = RMLocationTableViewCellViewModel.swift; sourceTree = "<group>"; };
		43C7F2F52C89DE2A00B53B8B /* RMLocationDetailViewController.swift */ = {isa = PBXFileReference; lastKnownFileType = sourcecode.swift; path = RMLocationDetailViewController.swift; sourceTree = "<group>"; };
		43C7F2F82C89DFC600B53B8B /* MRLocationDetailView.swift */ = {isa = PBXFileReference; lastKnownFileType = sourcecode.swift; path = MRLocationDetailView.swift; sourceTree = "<group>"; };
		43C7F2FB2C89E06B00B53B8B /* RMLocationDetailViewModel.swift */ = {isa = PBXFileReference; lastKnownFileType = sourcecode.swift; path = RMLocationDetailViewModel.swift; sourceTree = "<group>"; };
		43C7F2FE2C89E85400B53B8B /* RMSearchView.swift */ = {isa = PBXFileReference; lastKnownFileType = sourcecode.swift; path = RMSearchView.swift; sourceTree = "<group>"; };
		43C7F3002C89E8CB00B53B8B /* RMSearchViewViewModel.swift */ = {isa = PBXFileReference; lastKnownFileType = sourcecode.swift; path = RMSearchViewViewModel.swift; sourceTree = "<group>"; };
		43C7F3022C8A128B00B53B8B /* RMNoSearchResultView.swift */ = {isa = PBXFileReference; lastKnownFileType = sourcecode.swift; path = RMNoSearchResultView.swift; sourceTree = "<group>"; };
		43C7F3052C8A12BF00B53B8B /* RMNoSearchResultViewViewModel.swift */ = {isa = PBXFileReference; lastKnownFileType = sourcecode.swift; path = RMNoSearchResultViewViewModel.swift; sourceTree = "<group>"; };
		43C7F3072C8A171B00B53B8B /* RMSearchInputView.swift */ = {isa = PBXFileReference; lastKnownFileType = sourcecode.swift; path = RMSearchInputView.swift; sourceTree = "<group>"; };
		43C7F3092C8A175300B53B8B /* RMSearchInputViewViewModel.swift */ = {isa = PBXFileReference; lastKnownFileType = sourcecode.swift; path = RMSearchInputViewViewModel.swift; sourceTree = "<group>"; };
		43C7F30B2C8C8EED00B53B8B /* RMSearchOptionPickerViewController.swift */ = {isa = PBXFileReference; lastKnownFileType = sourcecode.swift; path = RMSearchOptionPickerViewController.swift; sourceTree = "<group>"; };
		43C7F30E2C8CDDEA00B53B8B /* RMSearchResultViewModel.swift */ = {isa = PBXFileReference; lastKnownFileType = sourcecode.swift; path = RMSearchResultViewModel.swift; sourceTree = "<group>"; };
		E2FD44F42C835EBC00DFB592 /* RickAndMorty.app */ = {isa = PBXFileReference; explicitFileType = wrapper.application; includeInIndex = 0; path = RickAndMorty.app; sourceTree = BUILT_PRODUCTS_DIR; };
		E2FD44F72C835EBC00DFB592 /* AppDelegate.swift */ = {isa = PBXFileReference; lastKnownFileType = sourcecode.swift; path = AppDelegate.swift; sourceTree = "<group>"; };
		E2FD44F92C835EBC00DFB592 /* SceneDelegate.swift */ = {isa = PBXFileReference; lastKnownFileType = sourcecode.swift; path = SceneDelegate.swift; sourceTree = "<group>"; };
		E2FD44FB2C835EBC00DFB592 /* RMTabBarViewController.swift */ = {isa = PBXFileReference; lastKnownFileType = sourcecode.swift; path = RMTabBarViewController.swift; sourceTree = "<group>"; };
		E2FD45002C835EBE00DFB592 /* Assets.xcassets */ = {isa = PBXFileReference; lastKnownFileType = folder.assetcatalog; path = Assets.xcassets; sourceTree = "<group>"; };
		E2FD45032C835EBE00DFB592 /* Base */ = {isa = PBXFileReference; lastKnownFileType = file.storyboard; name = Base; path = Base.lproj/LaunchScreen.storyboard; sourceTree = "<group>"; };
		E2FD45052C835EBE00DFB592 /* Info.plist */ = {isa = PBXFileReference; lastKnownFileType = text.plist.xml; path = Info.plist; sourceTree = "<group>"; };
		E2FD45122C83606100DFB592 /* RMLocation.swift */ = {isa = PBXFileReference; lastKnownFileType = sourcecode.swift; path = RMLocation.swift; sourceTree = "<group>"; };
		E2FD45152C83607D00DFB592 /* RMCharacter.swift */ = {isa = PBXFileReference; lastKnownFileType = sourcecode.swift; path = RMCharacter.swift; sourceTree = "<group>"; };
		E2FD45172C83609400DFB592 /* RMEpisode.swift */ = {isa = PBXFileReference; lastKnownFileType = sourcecode.swift; path = RMEpisode.swift; sourceTree = "<group>"; };
		E2FD451A2C83612100DFB592 /* RMCharacterViewController.swift */ = {isa = PBXFileReference; lastKnownFileType = sourcecode.swift; path = RMCharacterViewController.swift; sourceTree = "<group>"; };
		E2FD451C2C83612A00DFB592 /* RMLocationViewController.swift */ = {isa = PBXFileReference; lastKnownFileType = sourcecode.swift; path = RMLocationViewController.swift; sourceTree = "<group>"; };
		E2FD451E2C83613600DFB592 /* RMEpisodeViewController.swift */ = {isa = PBXFileReference; lastKnownFileType = sourcecode.swift; path = RMEpisodeViewController.swift; sourceTree = "<group>"; };
		E2FD45202C83613E00DFB592 /* RMSettingsViewController.swift */ = {isa = PBXFileReference; lastKnownFileType = sourcecode.swift; path = RMSettingsViewController.swift; sourceTree = "<group>"; };
		E2FD45222C84348B00DFB592 /* RMService.swift */ = {isa = PBXFileReference; lastKnownFileType = sourcecode.swift; path = RMService.swift; sourceTree = "<group>"; };
		E2FD45242C8434B700DFB592 /* RMRequest.swift */ = {isa = PBXFileReference; lastKnownFileType = sourcecode.swift; path = RMRequest.swift; sourceTree = "<group>"; };
		E2FD45262C84353100DFB592 /* RMEndpoint.swift */ = {isa = PBXFileReference; lastKnownFileType = sourcecode.swift; path = RMEndpoint.swift; sourceTree = "<group>"; };
		E2FD45282C843A2D00DFB592 /* RMOrigin.swift */ = {isa = PBXFileReference; lastKnownFileType = sourcecode.swift; path = RMOrigin.swift; sourceTree = "<group>"; };
		E2FD452A2C843AAE00DFB592 /* RMSingleLocation.swift */ = {isa = PBXFileReference; lastKnownFileType = sourcecode.swift; path = RMSingleLocation.swift; sourceTree = "<group>"; };
		E2FD452C2C843C7500DFB592 /* RMCharacterStatus.swift */ = {isa = PBXFileReference; lastKnownFileType = sourcecode.swift; path = RMCharacterStatus.swift; sourceTree = "<group>"; };
		E2FD452E2C843CAA00DFB592 /* RMCharacterGender.swift */ = {isa = PBXFileReference; lastKnownFileType = sourcecode.swift; path = RMCharacterGender.swift; sourceTree = "<group>"; };
/* End PBXFileReference section */

/* Begin PBXFrameworksBuildPhase section */
		E2FD44F12C835EBC00DFB592 /* Frameworks */ = {
			isa = PBXFrameworksBuildPhase;
			buildActionMask = 2147483647;
			files = (
			);
			runOnlyForDeploymentPostprocessing = 0;
		};
/* End PBXFrameworksBuildPhase section */

/* Begin PBXGroup section */
		43AEA2E62C84F893005AB65F /* DataTypes */ = {
			isa = PBXGroup;
			children = (
				E2FD45122C83606100DFB592 /* RMLocation.swift */,
				E2FD45152C83607D00DFB592 /* RMCharacter.swift */,
				E2FD45282C843A2D00DFB592 /* RMOrigin.swift */,
				E2FD452E2C843CAA00DFB592 /* RMCharacterGender.swift */,
				E2FD45172C83609400DFB592 /* RMEpisode.swift */,
				E2FD452A2C843AAE00DFB592 /* RMSingleLocation.swift */,
				E2FD452C2C843C7500DFB592 /* RMCharacterStatus.swift */,
			);
			path = DataTypes;
			sourceTree = "<group>";
		};
		43AEA2E72C84F89E005AB65F /* ResponseTypes */ = {
			isa = PBXGroup;
			children = (
				43AEA2E82C84F8BC005AB65F /* RMGetAllCharactersResponse.swift */,
				43B1C3E72C87440700FEEC0D /* RMGetAllEpisodesResponse.swift */,
				43B1C4002C88DDF200FEEC0D /* RMGetAllLocationsResponse.swift */,
			);
			path = ResponseTypes;
			sourceTree = "<group>";
		};
		43AEA2F42C85CB42005AB65F /* Other */ = {
			isa = PBXGroup;
			children = (
				43C7F30D2C8C8FA300B53B8B /* Search */,
				43C7F2F52C89DE2A00B53B8B /* RMLocationDetailViewController.swift */,
				43AEA2F52C85CB60005AB65F /* RMCharacterDetailViewController.swift */,
				43B1C3DA2C87363300FEEC0D /* RMEpisodeDetailViewController.swift */,
			);
			path = Other;
			sourceTree = "<group>";
		};
		43AEA2FF2C861D13005AB65F /* CharacterDetais */ = {
			isa = PBXGroup;
			children = (
				43AEA2F72C85CBF0005AB65F /* RMCharacterDetailView.swift */,
				43AEA3012C861D53005AB65F /* RMCharacterPhotoCollectionViewCell.swift */,
				43AEA3032C861D69005AB65F /* RMCharacterInfoCollectionViewCell.swift */,
				43AEA3052C861D7D005AB65F /* RMCharacterEpisodeCollectionViewCell.swift */,
			);
			path = CharacterDetais;
			sourceTree = "<group>";
		};
		43AEA3002C861D25005AB65F /* Character */ = {
			isa = PBXGroup;
			children = (
				43AEA3102C862214005AB65F /* RMCharacterListView.swift */,
				43AEA3122C86225E005AB65F /* RMCharacterCollectionViewCell.swift */,
			);
			path = Character;
			sourceTree = "<group>";
		};
		43AEA3072C861D95005AB65F /* CharacterDetails */ = {
			isa = PBXGroup;
			children = (
				43AEA2F92C85CC11005AB65F /* RMCharacterDetailViewViewModel.swift */,
				43AEA30A2C861DEC005AB65F /* RMCharacterPhotoCollectionViewCellViewModel.swift */,
				43AEA30C2C861E06005AB65F /* RMCharacterInfoCollectionViewCellViewModel.swift */,
				43AEA30E2C861E17005AB65F /* RMCharacterEpisodeCollectionViewCellViewModel.swift */,
			);
			path = CharacterDetails;
			sourceTree = "<group>";
		};
		43B1C3E22C873F3C00FEEC0D /* Episode */ = {
			isa = PBXGroup;
			children = (
				43B1C3E32C873F5500FEEC0D /* RMEpisodeListView.swift */,
			);
			path = Episode;
			sourceTree = "<group>";
		};
		43B1C3EB2C879E3300FEEC0D /* EpisodeDetails */ = {
			isa = PBXGroup;
			children = (
				43B1C3E02C873D9200FEEC0D /* RMEpisodeDetailView.swift */,
				43B1C3EC2C879E7600FEEC0D /* RMEpisodeInfoCollectionViewCell.swift */,
			);
			path = EpisodeDetails;
			sourceTree = "<group>";
		};
		43B1C3EE2C879EA200FEEC0D /* EpisodeDetail */ = {
			isa = PBXGroup;
			children = (
				43B1C3DE2C873D4C00FEEC0D /* RMEpisodeDetailViewViewModel.swift */,
				43B1C3EF2C879EC800FEEC0D /* RMEpisodeInfoCollectionViewCellViewModel.swift */,
			);
			path = EpisodeDetail;
			sourceTree = "<group>";
		};
		43B1C3F12C88939A00FEEC0D /* Settings */ = {
			isa = PBXGroup;
			children = (
				43B1C3F22C8893B200FEEC0D /* RMSettingsViewModel.swift */,
				43B1C3F42C8893EE00FEEC0D /* RMSettingsCellViewModel.swift */,
				43B1C3F62C88945100FEEC0D /* RMSettingsOptions.swift */,
			);
			path = Settings;
			sourceTree = "<group>";
		};
		43B1C3F82C889EFF00FEEC0D /* SwiftUI */ = {
			isa = PBXGroup;
			children = (
				43B1C3F92C889F1500FEEC0D /* RMSettingsView.swift */,
			);
			path = SwiftUI;
			sourceTree = "<group>";
		};
		43B1C3FB2C88D7EE00FEEC0D /* Location */ = {
			isa = PBXGroup;
			children = (
				43B1C3FC2C88D80600FEEC0D /* RMLocationView.swift */,
				43B1C4022C88ED7D00FEEC0D /* RMLocationTableViewCell.swift */,
			);
			path = Location;
			sourceTree = "<group>";
		};
		43B1C4042C88EE1300FEEC0D /* Locations */ = {
			isa = PBXGroup;
			children = (
				43B1C3FE2C88DAB000FEEC0D /* RMLocationViewViewModel.swift */,
				43B1C4052C88EE2600FEEC0D /* RMLocationTableViewCellViewModel.swift */,
				43C7F2FB2C89E06B00B53B8B /* RMLocationDetailViewModel.swift */,
			);
			path = Locations;
			sourceTree = "<group>";
		};
		43C7F2F72C89DFB700B53B8B /* LocationDetails */ = {
			isa = PBXGroup;
			children = (
				43C7F2F82C89DFC600B53B8B /* MRLocationDetailView.swift */,
			);
			path = LocationDetails;
			sourceTree = "<group>";
		};
		43C7F2FD2C89E84300B53B8B /* Search */ = {
			isa = PBXGroup;
			children = (
				43C7F2FE2C89E85400B53B8B /* RMSearchView.swift */,
				43C7F3022C8A128B00B53B8B /* RMNoSearchResultView.swift */,
				43C7F3072C8A171B00B53B8B /* RMSearchInputView.swift */,
			);
			path = Search;
			sourceTree = "<group>";
		};
		43C7F3042C8A129700B53B8B /* Search */ = {
			isa = PBXGroup;
			children = (
				43C7F3002C89E8CB00B53B8B /* RMSearchViewViewModel.swift */,
				43C7F3052C8A12BF00B53B8B /* RMNoSearchResultViewViewModel.swift */,
				43C7F3092C8A175300B53B8B /* RMSearchInputViewViewModel.swift */,
				43C7F30E2C8CDDEA00B53B8B /* RMSearchResultViewModel.swift */,
			);
			path = Search;
			sourceTree = "<group>";
		};
		43C7F30D2C8C8FA300B53B8B /* Search */ = {
			isa = PBXGroup;
			children = (
				43B1C3E92C87577400FEEC0D /* RMSearchViewController.swift */,
				43C7F30B2C8C8EED00B53B8B /* RMSearchOptionPickerViewController.swift */,
			);
			path = Search;
			sourceTree = "<group>";
		};
		E2FD44EB2C835EBC00DFB592 = {
			isa = PBXGroup;
			children = (
				E2FD44F62C835EBC00DFB592 /* RickAndMorty */,
				E2FD44F52C835EBC00DFB592 /* Products */,
			);
			sourceTree = "<group>";
		};
		E2FD44F52C835EBC00DFB592 /* Products */ = {
			isa = PBXGroup;
			children = (
				E2FD44F42C835EBC00DFB592 /* RickAndMorty.app */,
			);
			name = Products;
			sourceTree = "<group>";
		};
		E2FD44F62C835EBC00DFB592 /* RickAndMorty */ = {
			isa = PBXGroup;
			children = (
				E2FD45112C835FF000DFB592 /* Resources */,
				E2FD45102C835FE500DFB592 /* APIClient */,
				E2FD450F2C835FDB00DFB592 /* Managers */,
				E2FD450E2C835FD000DFB592 /* ViewModels */,
				E2FD450D2C835FC800DFB592 /* Views */,
				E2FD450C2C835FC200DFB592 /* Models */,
				E2FD450B2C835FB600DFB592 /* Controllers */,
				E2FD45052C835EBE00DFB592 /* Info.plist */,
			);
			path = RickAndMorty;
			sourceTree = "<group>";
		};
		E2FD450B2C835FB600DFB592 /* Controllers */ = {
			isa = PBXGroup;
			children = (
				43AEA2F42C85CB42005AB65F /* Other */,
				E2FD45192C83610200DFB592 /* Core */,
			);
			path = Controllers;
			sourceTree = "<group>";
		};
		E2FD450C2C835FC200DFB592 /* Models */ = {
			isa = PBXGroup;
			children = (
				43AEA2E72C84F89E005AB65F /* ResponseTypes */,
				43AEA2E62C84F893005AB65F /* DataTypes */,
			);
			path = Models;
			sourceTree = "<group>";
		};
		E2FD450D2C835FC800DFB592 /* Views */ = {
			isa = PBXGroup;
			children = (
				43C7F2FD2C89E84300B53B8B /* Search */,
				43C7F2F72C89DFB700B53B8B /* LocationDetails */,
				43B1C3FB2C88D7EE00FEEC0D /* Location */,
				43B1C3F82C889EFF00FEEC0D /* SwiftUI */,
				43B1C3EB2C879E3300FEEC0D /* EpisodeDetails */,
				43B1C3E22C873F3C00FEEC0D /* Episode */,
				43AEA2FF2C861D13005AB65F /* CharacterDetais */,
				43AEA3002C861D25005AB65F /* Character */,
				43AEA2FB2C85D152005AB65F /* RMFooterLoadingCollectionReusableView.swift */,
			);
			path = Views;
			sourceTree = "<group>";
		};
		E2FD450E2C835FD000DFB592 /* ViewModels */ = {
			isa = PBXGroup;
			children = (
				43C7F3042C8A129700B53B8B /* Search */,
				43B1C3F12C88939A00FEEC0D /* Settings */,
				43B1C4042C88EE1300FEEC0D /* Locations */,
				43B1C3EE2C879EA200FEEC0D /* EpisodeDetail */,
				43AEA3072C861D95005AB65F /* CharacterDetails */,
				43AEA2EA2C84FADB005AB65F /* RMCharacterListViewViewModel.swift */,
				43AEA2F22C859D4F005AB65F /* RMCharacterCollectionViewCellViewModel.swift */,
				43B1C3E52C8741DA00FEEC0D /* RMEpisodeListViewViewModel.swift */,
			);
			path = ViewModels;
			sourceTree = "<group>";
		};
		E2FD450F2C835FDB00DFB592 /* Managers */ = {
			isa = PBXGroup;
			children = (
				43AEA2FD2C85ED70005AB65F /* RMImageLoader.swift */,
				43B1C3DC2C87396100FEEC0D /* RMAPICachManager.swift */,
			);
			path = Managers;
			sourceTree = "<group>";
		};
		E2FD45102C835FE500DFB592 /* APIClient */ = {
			isa = PBXGroup;
			children = (
				E2FD45222C84348B00DFB592 /* RMService.swift */,
				E2FD45242C8434B700DFB592 /* RMRequest.swift */,
				E2FD45262C84353100DFB592 /* RMEndpoint.swift */,
			);
			path = APIClient;
			sourceTree = "<group>";
		};
		E2FD45112C835FF000DFB592 /* Resources */ = {
			isa = PBXGroup;
			children = (
				E2FD45002C835EBE00DFB592 /* Assets.xcassets */,
				E2FD45022C835EBE00DFB592 /* LaunchScreen.storyboard */,
				E2FD44F72C835EBC00DFB592 /* AppDelegate.swift */,
				E2FD44F92C835EBC00DFB592 /* SceneDelegate.swift */,
				43AEA2EE2C84FEB4005AB65F /* Extensions.swift */,
			);
			path = Resources;
			sourceTree = "<group>";
		};
		E2FD45192C83610200DFB592 /* Core */ = {
			isa = PBXGroup;
			children = (
				E2FD44FB2C835EBC00DFB592 /* RMTabBarViewController.swift */,
				E2FD451A2C83612100DFB592 /* RMCharacterViewController.swift */,
				E2FD451C2C83612A00DFB592 /* RMLocationViewController.swift */,
				E2FD451E2C83613600DFB592 /* RMEpisodeViewController.swift */,
				E2FD45202C83613E00DFB592 /* RMSettingsViewController.swift */,
			);
			path = Core;
			sourceTree = "<group>";
		};
/* End PBXGroup section */

/* Begin PBXNativeTarget section */
		E2FD44F32C835EBC00DFB592 /* RickAndMorty */ = {
			isa = PBXNativeTarget;
			buildConfigurationList = E2FD45082C835EBE00DFB592 /* Build configuration list for PBXNativeTarget "RickAndMorty" */;
			buildPhases = (
				E2FD44F02C835EBC00DFB592 /* Sources */,
				E2FD44F12C835EBC00DFB592 /* Frameworks */,
				E2FD44F22C835EBC00DFB592 /* Resources */,
			);
			buildRules = (
			);
			dependencies = (
			);
			name = RickAndMorty;
			productName = RickAndMorty;
			productReference = E2FD44F42C835EBC00DFB592 /* RickAndMorty.app */;
			productType = "com.apple.product-type.application";
		};
/* End PBXNativeTarget section */

/* Begin PBXProject section */
		E2FD44EC2C835EBC00DFB592 /* Project object */ = {
			isa = PBXProject;
			attributes = {
				BuildIndependentTargetsInParallel = 1;
				LastSwiftUpdateCheck = 1540;
				LastUpgradeCheck = 1540;
				TargetAttributes = {
					E2FD44F32C835EBC00DFB592 = {
						CreatedOnToolsVersion = 15.4;
					};
				};
			};
			buildConfigurationList = E2FD44EF2C835EBC00DFB592 /* Build configuration list for PBXProject "RickAndMorty" */;
			compatibilityVersion = "Xcode 14.0";
			developmentRegion = en;
			hasScannedForEncodings = 0;
			knownRegions = (
				en,
				Base,
			);
			mainGroup = E2FD44EB2C835EBC00DFB592;
			productRefGroup = E2FD44F52C835EBC00DFB592 /* Products */;
			projectDirPath = "";
			projectRoot = "";
			targets = (
				E2FD44F32C835EBC00DFB592 /* RickAndMorty */,
			);
		};
/* End PBXProject section */

/* Begin PBXResourcesBuildPhase section */
		E2FD44F22C835EBC00DFB592 /* Resources */ = {
			isa = PBXResourcesBuildPhase;
			buildActionMask = 2147483647;
			files = (
				E2FD45012C835EBE00DFB592 /* Assets.xcassets in Resources */,
				E2FD45042C835EBE00DFB592 /* Base in Resources */,
			);
			runOnlyForDeploymentPostprocessing = 0;
		};
/* End PBXResourcesBuildPhase section */

/* Begin PBXSourcesBuildPhase section */
		E2FD44F02C835EBC00DFB592 /* Sources */ = {
			isa = PBXSourcesBuildPhase;
			buildActionMask = 2147483647;
			files = (
				E2FD45292C843A2D00DFB592 /* RMOrigin.swift in Sources */,
				43C7F2FC2C89E06B00B53B8B /* RMLocationDetailViewModel.swift in Sources */,
				43C7F3032C8A128B00B53B8B /* RMNoSearchResultView.swift in Sources */,
				43AEA2FA2C85CC11005AB65F /* RMCharacterDetailViewViewModel.swift in Sources */,
				43C7F30F2C8CDDEA00B53B8B /* RMSearchResultViewModel.swift in Sources */,
				E2FD452B2C843AAE00DFB592 /* RMSingleLocation.swift in Sources */,
				43C7F3012C89E8CB00B53B8B /* RMSearchViewViewModel.swift in Sources */,
				43AEA2E92C84F8BC005AB65F /* RMGetAllCharactersResponse.swift in Sources */,
				43AEA3112C862214005AB65F /* RMCharacterListView.swift in Sources */,
				E2FD451D2C83612A00DFB592 /* RMLocationViewController.swift in Sources */,
				E2FD452F2C843CAA00DFB592 /* RMCharacterGender.swift in Sources */,
				43B1C3ED2C879E7600FEEC0D /* RMEpisodeInfoCollectionViewCell.swift in Sources */,
				43B1C3F72C88945100FEEC0D /* RMSettingsOptions.swift in Sources */,
				43C7F2F92C89DFC600B53B8B /* MRLocationDetailView.swift in Sources */,
				43AEA2F62C85CB60005AB65F /* RMCharacterDetailViewController.swift in Sources */,
				43AEA2FC2C85D152005AB65F /* RMFooterLoadingCollectionReusableView.swift in Sources */,
				43B1C3E42C873F5500FEEC0D /* RMEpisodeListView.swift in Sources */,
				43B1C3F32C8893B200FEEC0D /* RMSettingsViewModel.swift in Sources */,
				43B1C4012C88DDF200FEEC0D /* RMGetAllLocationsResponse.swift in Sources */,
				43B1C3EA2C87577400FEEC0D /* RMSearchViewController.swift in Sources */,
				43B1C4032C88ED7D00FEEC0D /* RMLocationTableViewCell.swift in Sources */,
				E2FD451B2C83612100DFB592 /* RMCharacterViewController.swift in Sources */,
				43AEA3132C86225E005AB65F /* RMCharacterCollectionViewCell.swift in Sources */,
				43B1C4062C88EE2600FEEC0D /* RMLocationTableViewCellViewModel.swift in Sources */,
				E2FD45182C83609400DFB592 /* RMEpisode.swift in Sources */,
				43C7F30A2C8A175300B53B8B /* RMSearchInputViewViewModel.swift in Sources */,
				43AEA3042C861D69005AB65F /* RMCharacterInfoCollectionViewCell.swift in Sources */,
				E2FD451F2C83613600DFB592 /* RMEpisodeViewController.swift in Sources */,
				43AEA30D2C861E06005AB65F /* RMCharacterInfoCollectionViewCellViewModel.swift in Sources */,
				E2FD44FC2C835EBC00DFB592 /* RMTabBarViewController.swift in Sources */,
				43AEA2FE2C85ED70005AB65F /* RMImageLoader.swift in Sources */,
				E2FD44F82C835EBC00DFB592 /* AppDelegate.swift in Sources */,
				E2FD45212C83613E00DFB592 /* RMSettingsViewController.swift in Sources */,
				43AEA3022C861D53005AB65F /* RMCharacterPhotoCollectionViewCell.swift in Sources */,
				43B1C3F52C8893EE00FEEC0D /* RMSettingsCellViewModel.swift in Sources */,
				43C7F2FF2C89E85400B53B8B /* RMSearchView.swift in Sources */,
				43B1C3FA2C889F1500FEEC0D /* RMSettingsView.swift in Sources */,
				43B1C3DD2C87396100FEEC0D /* RMAPICachManager.swift in Sources */,
				43AEA30F2C861E17005AB65F /* RMCharacterEpisodeCollectionViewCellViewModel.swift in Sources */,
				43C7F3062C8A12BF00B53B8B /* RMNoSearchResultViewViewModel.swift in Sources */,
				E2FD45232C84348B00DFB592 /* RMService.swift in Sources */,
				43AEA2EF2C84FEB4005AB65F /* Extensions.swift in Sources */,
				43AEA30B2C861DEC005AB65F /* RMCharacterPhotoCollectionViewCellViewModel.swift in Sources */,
				E2FD44FA2C835EBC00DFB592 /* SceneDelegate.swift in Sources */,
				E2FD45272C84353100DFB592 /* RMEndpoint.swift in Sources */,
				43C7F2F62C89DE2A00B53B8B /* RMLocationDetailViewController.swift in Sources */,
				E2FD452D2C843C7500DFB592 /* RMCharacterStatus.swift in Sources */,
				43C7F30C2C8C8EED00B53B8B /* RMSearchOptionPickerViewController.swift in Sources */,
				43B1C3E12C873D9200FEEC0D /* RMEpisodeDetailView.swift in Sources */,
				43B1C3DB2C87363300FEEC0D /* RMEpisodeDetailViewController.swift in Sources */,
				43B1C3DF2C873D4C00FEEC0D /* RMEpisodeDetailViewViewModel.swift in Sources */,
				E2FD45162C83607D00DFB592 /* RMCharacter.swift in Sources */,
				43AEA2F32C859D4F005AB65F /* RMCharacterCollectionViewCellViewModel.swift in Sources */,
				E2FD45252C8434B700DFB592 /* RMRequest.swift in Sources */,
				43B1C3FD2C88D80600FEEC0D /* RMLocationView.swift in Sources */,
				43C7F3082C8A171B00B53B8B /* RMSearchInputView.swift in Sources */,
				43AEA2EB2C84FADB005AB65F /* RMCharacterListViewViewModel.swift in Sources */,
				43B1C3E62C8741DA00FEEC0D /* RMEpisodeListViewViewModel.swift in Sources */,
				43AEA3062C861D7D005AB65F /* RMCharacterEpisodeCollectionViewCell.swift in Sources */,
				43B1C3F02C879EC800FEEC0D /* RMEpisodeInfoCollectionViewCellViewModel.swift in Sources */,
				43B1C3E82C87440700FEEC0D /* RMGetAllEpisodesResponse.swift in Sources */,
				E2FD45132C83606100DFB592 /* RMLocation.swift in Sources */,
				43AEA2F82C85CBF0005AB65F /* RMCharacterDetailView.swift in Sources */,
				43B1C3FF2C88DAB000FEEC0D /* RMLocationViewViewModel.swift in Sources */,
			);
			runOnlyForDeploymentPostprocessing = 0;
		};
/* End PBXSourcesBuildPhase section */

/* Begin PBXVariantGroup section */
		E2FD45022C835EBE00DFB592 /* LaunchScreen.storyboard */ = {
			isa = PBXVariantGroup;
			children = (
				E2FD45032C835EBE00DFB592 /* Base */,
			);
			name = LaunchScreen.storyboard;
			sourceTree = "<group>";
		};
/* End PBXVariantGroup section */

/* Begin XCBuildConfiguration section */
		E2FD45062C835EBE00DFB592 /* Debug */ = {
			isa = XCBuildConfiguration;
			buildSettings = {
				ALWAYS_SEARCH_USER_PATHS = NO;
				ASSETCATALOG_COMPILER_GENERATE_SWIFT_ASSET_SYMBOL_EXTENSIONS = YES;
				CLANG_ANALYZER_NONNULL = YES;
				CLANG_ANALYZER_NUMBER_OBJECT_CONVERSION = YES_AGGRESSIVE;
				CLANG_CXX_LANGUAGE_STANDARD = "gnu++20";
				CLANG_ENABLE_MODULES = YES;
				CLANG_ENABLE_OBJC_ARC = YES;
				CLANG_ENABLE_OBJC_WEAK = YES;
				CLANG_WARN_BLOCK_CAPTURE_AUTORELEASING = YES;
				CLANG_WARN_BOOL_CONVERSION = YES;
				CLANG_WARN_COMMA = YES;
				CLANG_WARN_CONSTANT_CONVERSION = YES;
				CLANG_WARN_DEPRECATED_OBJC_IMPLEMENTATIONS = YES;
				CLANG_WARN_DIRECT_OBJC_ISA_USAGE = YES_ERROR;
				CLANG_WARN_DOCUMENTATION_COMMENTS = YES;
				CLANG_WARN_EMPTY_BODY = YES;
				CLANG_WARN_ENUM_CONVERSION = YES;
				CLANG_WARN_INFINITE_RECURSION = YES;
				CLANG_WARN_INT_CONVERSION = YES;
				CLANG_WARN_NON_LITERAL_NULL_CONVERSION = YES;
				CLANG_WARN_OBJC_IMPLICIT_RETAIN_SELF = YES;
				CLANG_WARN_OBJC_LITERAL_CONVERSION = YES;
				CLANG_WARN_OBJC_ROOT_CLASS = YES_ERROR;
				CLANG_WARN_QUOTED_INCLUDE_IN_FRAMEWORK_HEADER = YES;
				CLANG_WARN_RANGE_LOOP_ANALYSIS = YES;
				CLANG_WARN_STRICT_PROTOTYPES = YES;
				CLANG_WARN_SUSPICIOUS_MOVE = YES;
				CLANG_WARN_UNGUARDED_AVAILABILITY = YES_AGGRESSIVE;
				CLANG_WARN_UNREACHABLE_CODE = YES;
				CLANG_WARN__DUPLICATE_METHOD_MATCH = YES;
				COPY_PHASE_STRIP = NO;
				DEBUG_INFORMATION_FORMAT = dwarf;
				ENABLE_STRICT_OBJC_MSGSEND = YES;
				ENABLE_TESTABILITY = YES;
				ENABLE_USER_SCRIPT_SANDBOXING = YES;
				GCC_C_LANGUAGE_STANDARD = gnu17;
				GCC_DYNAMIC_NO_PIC = NO;
				GCC_NO_COMMON_BLOCKS = YES;
				GCC_OPTIMIZATION_LEVEL = 0;
				GCC_PREPROCESSOR_DEFINITIONS = (
					"DEBUG=1",
					"$(inherited)",
				);
				GCC_WARN_64_TO_32_BIT_CONVERSION = YES;
				GCC_WARN_ABOUT_RETURN_TYPE = YES_ERROR;
				GCC_WARN_UNDECLARED_SELECTOR = YES;
				GCC_WARN_UNINITIALIZED_AUTOS = YES_AGGRESSIVE;
				GCC_WARN_UNUSED_FUNCTION = YES;
				GCC_WARN_UNUSED_VARIABLE = YES;
				IPHONEOS_DEPLOYMENT_TARGET = 17.5;
				LOCALIZATION_PREFERS_STRING_CATALOGS = YES;
				MTL_ENABLE_DEBUG_INFO = INCLUDE_SOURCE;
				MTL_FAST_MATH = YES;
				ONLY_ACTIVE_ARCH = YES;
				SDKROOT = iphoneos;
				SWIFT_ACTIVE_COMPILATION_CONDITIONS = "DEBUG $(inherited)";
				SWIFT_OPTIMIZATION_LEVEL = "-Onone";
			};
			name = Debug;
		};
		E2FD45072C835EBE00DFB592 /* Release */ = {
			isa = XCBuildConfiguration;
			buildSettings = {
				ALWAYS_SEARCH_USER_PATHS = NO;
				ASSETCATALOG_COMPILER_GENERATE_SWIFT_ASSET_SYMBOL_EXTENSIONS = YES;
				CLANG_ANALYZER_NONNULL = YES;
				CLANG_ANALYZER_NUMBER_OBJECT_CONVERSION = YES_AGGRESSIVE;
				CLANG_CXX_LANGUAGE_STANDARD = "gnu++20";
				CLANG_ENABLE_MODULES = YES;
				CLANG_ENABLE_OBJC_ARC = YES;
				CLANG_ENABLE_OBJC_WEAK = YES;
				CLANG_WARN_BLOCK_CAPTURE_AUTORELEASING = YES;
				CLANG_WARN_BOOL_CONVERSION = YES;
				CLANG_WARN_COMMA = YES;
				CLANG_WARN_CONSTANT_CONVERSION = YES;
				CLANG_WARN_DEPRECATED_OBJC_IMPLEMENTATIONS = YES;
				CLANG_WARN_DIRECT_OBJC_ISA_USAGE = YES_ERROR;
				CLANG_WARN_DOCUMENTATION_COMMENTS = YES;
				CLANG_WARN_EMPTY_BODY = YES;
				CLANG_WARN_ENUM_CONVERSION = YES;
				CLANG_WARN_INFINITE_RECURSION = YES;
				CLANG_WARN_INT_CONVERSION = YES;
				CLANG_WARN_NON_LITERAL_NULL_CONVERSION = YES;
				CLANG_WARN_OBJC_IMPLICIT_RETAIN_SELF = YES;
				CLANG_WARN_OBJC_LITERAL_CONVERSION = YES;
				CLANG_WARN_OBJC_ROOT_CLASS = YES_ERROR;
				CLANG_WARN_QUOTED_INCLUDE_IN_FRAMEWORK_HEADER = YES;
				CLANG_WARN_RANGE_LOOP_ANALYSIS = YES;
				CLANG_WARN_STRICT_PROTOTYPES = YES;
				CLANG_WARN_SUSPICIOUS_MOVE = YES;
				CLANG_WARN_UNGUARDED_AVAILABILITY = YES_AGGRESSIVE;
				CLANG_WARN_UNREACHABLE_CODE = YES;
				CLANG_WARN__DUPLICATE_METHOD_MATCH = YES;
				COPY_PHASE_STRIP = NO;
				DEBUG_INFORMATION_FORMAT = "dwarf-with-dsym";
				ENABLE_NS_ASSERTIONS = NO;
				ENABLE_STRICT_OBJC_MSGSEND = YES;
				ENABLE_USER_SCRIPT_SANDBOXING = YES;
				GCC_C_LANGUAGE_STANDARD = gnu17;
				GCC_NO_COMMON_BLOCKS = YES;
				GCC_WARN_64_TO_32_BIT_CONVERSION = YES;
				GCC_WARN_ABOUT_RETURN_TYPE = YES_ERROR;
				GCC_WARN_UNDECLARED_SELECTOR = YES;
				GCC_WARN_UNINITIALIZED_AUTOS = YES_AGGRESSIVE;
				GCC_WARN_UNUSED_FUNCTION = YES;
				GCC_WARN_UNUSED_VARIABLE = YES;
				IPHONEOS_DEPLOYMENT_TARGET = 17.5;
				LOCALIZATION_PREFERS_STRING_CATALOGS = YES;
				MTL_ENABLE_DEBUG_INFO = NO;
				MTL_FAST_MATH = YES;
				SDKROOT = iphoneos;
				SWIFT_COMPILATION_MODE = wholemodule;
				VALIDATE_PRODUCT = YES;
			};
			name = Release;
		};
		E2FD45092C835EBE00DFB592 /* Debug */ = {
			isa = XCBuildConfiguration;
			buildSettings = {
				ASSETCATALOG_COMPILER_APPICON_NAME = AppIcon;
				ASSETCATALOG_COMPILER_GLOBAL_ACCENT_COLOR_NAME = AccentColor;
				CODE_SIGN_STYLE = Automatic;
				CURRENT_PROJECT_VERSION = 1;
				DEVELOPMENT_TEAM = M3C8BZ4H8Y;
				GENERATE_INFOPLIST_FILE = YES;
				INFOPLIST_FILE = RickAndMorty/Info.plist;
				INFOPLIST_KEY_CFBundleDisplayName = "Rick & Morty";
				INFOPLIST_KEY_LSApplicationCategoryType = "public.app-category.education";
				INFOPLIST_KEY_UILaunchStoryboardName = LaunchScreen;
				INFOPLIST_KEY_UISupportedInterfaceOrientations_iPad = "UIInterfaceOrientationPortrait UIInterfaceOrientationPortraitUpsideDown UIInterfaceOrientationLandscapeLeft UIInterfaceOrientationLandscapeRight";
				INFOPLIST_KEY_UISupportedInterfaceOrientations_iPhone = "UIInterfaceOrientationPortrait UIInterfaceOrientationLandscapeLeft UIInterfaceOrientationLandscapeRight";
				IPHONEOS_DEPLOYMENT_TARGET = 17.5;
				LD_RUNPATH_SEARCH_PATHS = (
					"$(inherited)",
					"@executable_path/Frameworks",
				);
				MARKETING_VERSION = 1.0;
				PRODUCT_BUNDLE_IDENTIFIER = com.talspektor.RickAndMorty;
				PRODUCT_NAME = "$(TARGET_NAME)";
				SWIFT_EMIT_LOC_STRINGS = YES;
				SWIFT_VERSION = 5.0;
				TARGETED_DEVICE_FAMILY = "1,2";
			};
			name = Debug;
		};
		E2FD450A2C835EBE00DFB592 /* Release */ = {
			isa = XCBuildConfiguration;
			buildSettings = {
				ASSETCATALOG_COMPILER_APPICON_NAME = AppIcon;
				ASSETCATALOG_COMPILER_GLOBAL_ACCENT_COLOR_NAME = AccentColor;
				CODE_SIGN_STYLE = Automatic;
				CURRENT_PROJECT_VERSION = 1;
				DEVELOPMENT_TEAM = M3C8BZ4H8Y;
				GENERATE_INFOPLIST_FILE = YES;
				INFOPLIST_FILE = RickAndMorty/Info.plist;
				INFOPLIST_KEY_CFBundleDisplayName = "Rick & Morty";
				INFOPLIST_KEY_LSApplicationCategoryType = "public.app-category.education";
				INFOPLIST_KEY_UILaunchStoryboardName = LaunchScreen;
				INFOPLIST_KEY_UISupportedInterfaceOrientations_iPad = "UIInterfaceOrientationPortrait UIInterfaceOrientationPortraitUpsideDown UIInterfaceOrientationLandscapeLeft UIInterfaceOrientationLandscapeRight";
				INFOPLIST_KEY_UISupportedInterfaceOrientations_iPhone = "UIInterfaceOrientationPortrait UIInterfaceOrientationLandscapeLeft UIInterfaceOrientationLandscapeRight";
				IPHONEOS_DEPLOYMENT_TARGET = 17.5;
				LD_RUNPATH_SEARCH_PATHS = (
					"$(inherited)",
					"@executable_path/Frameworks",
				);
				MARKETING_VERSION = 1.0;
				PRODUCT_BUNDLE_IDENTIFIER = com.talspektor.RickAndMorty;
				PRODUCT_NAME = "$(TARGET_NAME)";
				SWIFT_EMIT_LOC_STRINGS = YES;
				SWIFT_VERSION = 5.0;
				TARGETED_DEVICE_FAMILY = "1,2";
			};
			name = Release;
		};
/* End XCBuildConfiguration section */

/* Begin XCConfigurationList section */
		E2FD44EF2C835EBC00DFB592 /* Build configuration list for PBXProject "RickAndMorty" */ = {
			isa = XCConfigurationList;
			buildConfigurations = (
				E2FD45062C835EBE00DFB592 /* Debug */,
				E2FD45072C835EBE00DFB592 /* Release */,
			);
			defaultConfigurationIsVisible = 0;
			defaultConfigurationName = Release;
		};
		E2FD45082C835EBE00DFB592 /* Build configuration list for PBXNativeTarget "RickAndMorty" */ = {
			isa = XCConfigurationList;
			buildConfigurations = (
				E2FD45092C835EBE00DFB592 /* Debug */,
				E2FD450A2C835EBE00DFB592 /* Release */,
			);
			defaultConfigurationIsVisible = 0;
			defaultConfigurationName = Release;
		};
/* End XCConfigurationList section */
	};
	rootObject = E2FD44EC2C835EBC00DFB592 /* Project object */;
}
